
Microsoft Visual Studio Solution File, Format Version 12.00
# Visual Studio Version 16
VisualStudioVersion = 16.0.30523.141
MinimumVisualStudioVersion = 10.0.40219.1
Project("{9A19103F-16F7-4668-BE54-9A1E7A4F7556}") = "Pascu_Ioana_Lab2", "Pascu_Ioana_Lab2.csproj", "{C917131D-AF70-4CAF-94D2-91790042FBAF}"
EndProject
Project("{9A19103F-16F7-4668-BE54-9A1E7A4F7556}") = "LibraryModel", "..\LibraryModel\LibraryModel.csproj", "{B3CF6BCD-E281-42B9-9796-B20734B972E7}"
EndProject
Project("{9A19103F-16F7-4668-BE54-9A1E7A4F7556}") = "LibraryWebAPI", "..\LibraryWebAPI\LibraryWebAPI.csproj", "{F06DCC63-38AC-442A-9431-033D6ADB25C7}"
EndProject
Project("{FAE04EC0-301F-11D3-BF4B-00C04F79EFBC}") = "GrpcCustomersService", "..\GrpcCustomersService\GrpcCustomersService.csproj", "{69012073-A4CC-44D8-B7BE-1B9910A256D6}"
EndProject
Global
	GlobalSection(SolutionConfigurationPlatforms) = preSolution
		Debug|Any CPU = Debug|Any CPU
		Release|Any CPU = Release|Any CPU
	EndGlobalSection
	GlobalSection(ProjectConfigurationPlatforms) = postSolution
		{C917131D-AF70-4CAF-94D2-91790042FBAF}.Debug|Any CPU.ActiveCfg = Debug|Any CPU
		{C917131D-AF70-4CAF-94D2-91790042FBAF}.Debug|Any CPU.Build.0 = Debug|Any CPU
		{C917131D-AF70-4CAF-94D2-91790042FBAF}.Release|Any CPU.ActiveCfg = Release|Any CPU
		{C917131D-AF70-4CAF-94D2-91790042FBAF}.Release|Any CPU.Build.0 = Release|Any CPU
		{B3CF6BCD-E281-42B9-9796-B20734B972E7}.Debug|Any CPU.ActiveCfg = Debug|Any CPU
		{B3CF6BCD-E281-42B9-9796-B20734B972E7}.Debug|Any CPU.Build.0 = Debug|Any CPU
		{B3CF6BCD-E281-42B9-9796-B20734B972E7}.Release|Any CPU.ActiveCfg = Release|Any CPU
		{B3CF6BCD-E281-42B9-9796-B20734B972E7}.Release|Any CPU.Build.0 = Release|Any CPU
		{F06DCC63-38AC-442A-9431-033D6ADB25C7}.Debug|Any CPU.ActiveCfg = Debug|Any CPU
		{F06DCC63-38AC-442A-9431-033D6ADB25C7}.Debug|Any CPU.Build.0 = Debug|Any CPU
		{F06DCC63-38AC-442A-9431-033D6ADB25C7}.Release|Any CPU.ActiveCfg = Release|Any CPU
		{F06DCC63-38AC-442A-9431-033D6ADB25C7}.Release|Any CPU.Build.0 = Release|Any CPU
		{69012073-A4CC-44D8-B7BE-1B9910A256D6}.Debug|Any CPU.ActiveCfg = Debug|Any CPU
		{69012073-A4CC-44D8-B7BE-1B9910A256D6}.Debug|Any CPU.Build.0 = Debug|Any CPU
		{69012073-A4CC-44D8-B7BE-1B9910A256D6}.Release|Any CPU.ActiveCfg = Release|Any CPU
		{69012073-A4CC-44D8-B7BE-1B9910A256D6}.Release|Any CPU.Build.0 = Release|Any CPU
	EndGlobalSection
	GlobalSection(SolutionProperties) = preSolution
		HideSolutionNode = FALSE
	EndGlobalSection
	GlobalSection(ExtensibilityGlobals) = postSolution
		SolutionGuid = {0FA7C1B6-15D5-4510-A5FF-222EEC4C572A}
	EndGlobalSection
EndGlobal
